
Microsoft Visual Studio Solution File, Format Version 12.00
# Visual Studio 2012
Project("{FAE04EC0-301F-11D3-BF4B-00C04F79EFBC}") = "HelloMVC", "HelloMVC\HelloMVC.csproj", "{8E35D491-A1D7-49EC-A045-A5CE1DB003F9}"
EndProject
Project("{2150E333-8FDC-42A3-9474-1A3956D46DE8}") = "Solution Items", "Solution Items", "{D34F84D0-26F2-44A1-AFFD-FCF702F808F0}"
	ProjectSection(SolutionItems) = preProject
		HelloMVC.sln = HelloMVC.sln
	EndProjectSection
EndProject
Global
	GlobalSection(SolutionConfigurationPlatforms) = preSolution
		Debug|Any CPU = Debug|Any CPU
		Release|Any CPU = Release|Any CPU
	EndGlobalSection
	GlobalSection(ProjectConfigurationPlatforms) = postSolution
		{8E35D491-A1D7-49EC-A045-A5CE1DB003F9}.Debug|Any CPU.ActiveCfg = Debug|Any CPU
		{8E35D491-A1D7-49EC-A045-A5CE1DB003F9}.Debug|Any CPU.Build.0 = Debug|Any CPU
		{8E35D491-A1D7-49EC-A045-A5CE1DB003F9}.Release|Any CPU.ActiveCfg = Release|Any CPU
		{8E35D491-A1D7-49EC-A045-A5CE1DB003F9}.Release|Any CPU.Build.0 = Release|Any CPU
	EndGlobalSection
EndGlobal
